<?xml version="1.0" encoding="utf-8"?>
<Project ToolsVersion="4.0" xmlns="http://schemas.microsoft.com/developer/msbuild/2003">
  <ItemGroup>
    <Filter Include="Source Files">
      <UniqueIdentifier>{4FC737F1-C7A5-4376-A066-2A32D752A2FF}</UniqueIdentifier>
      <Extensions>cpp;c;cc;cxx;c++;cppm;ixx;def;odl;idl;hpj;bat;asm;asmx</Extensions>
    </Filter>
    <Filter Include="Header Files">
      <UniqueIdentifier>{93995380-89BD-4b04-88EB-625FBE52EBFB}</UniqueIdentifier>
      <Extensions>h;hh;hpp;hxx;h++;hm;inl;inc;ipp;xsd</Extensions>
    </Filter>
    <Filter Include="Resource Files">
      <UniqueIdentifier>{67DA6AB6-F800-4c08-8B7A-83BB121AAD01}</UniqueIdentifier>
      <Extensions>rc;ico;cur;bmp;dlg;rc2;rct;bin;rgs;gif;jpg;jpeg;jpe;resx;tiff;tif;png;wav;mfcribbon-ms</Extensions>
    </Filter>
  </ItemGroup>
  <ItemGroup>
    <ClCompile Include="main.c">
      <Filter>Source Files</Filter>
    </ClCompile>
    <ClCompile Include="core\program.c">
      <Filter>Source Files</Filter>
    </ClCompile>
    <ClCompile Include="presentation\window.c">
      <Filter>Source Files</Filter>
    </ClCompile>
    <ClCompile Include="presentation\gfx\renderer.c">
      <Filter>Source Files</Filter>
    </ClCompile>
    <ClCompile Include="presentation\gfx\tools.c">
      <Filter>Source Files</Filter>
    </ClCompile>
    <ClCompile Include="model\util\position.c">
      <Filter>Source Files</Filter>
    </ClCompile>
    <ClCompile Include="model\util\size.c">
      <Filter>Source Files</Filter>
    </ClCompile>
    <ClCompile Include="model\object\square.c">
      <Filter>Source Files</Filter>
    </ClCompile>
    <ClCompile Include="service\state.c">
      <Filter>Source Files</Filter>
    </ClCompile>
    <ClCompile Include="presentation\components\canvas.c">
      <Filter>Source Files</Filter>
    </ClCompile>
    <ClCompile Include="presentation\components\panel.c">
      <Filter>Source Files</Filter>
    </ClCompile>
    <ClCompile Include="presentation\controls\text.c">
      <Filter>Source Files</Filter>
    </ClCompile>
    <ClCompile Include="presentation\controls\progress-bar.c">
      <Filter>Source Files</Filter>
    </ClCompile>
    <ClCompile Include="presentation\controls\button.c">
      <Filter>Source Files</Filter>
    </ClCompile>
    <ClCompile Include="presentation\controls\toggle-button.c">
      <Filter>Source Files</Filter>
    </ClCompile>
    <ClCompile Include="presentation\components.c">
      <Filter>Source Files</Filter>
    </ClCompile>
  </ItemGroup>
  <ItemGroup>
    <ClInclude Include="core\program.h">
      <Filter>Header Files</Filter>
    </ClInclude>
    <ClInclude Include="core\args.h">
      <Filter>Header Files</Filter>
    </ClInclude>
    <ClInclude Include="presentation\window.h">
      <Filter>Header Files</Filter>
    </ClInclude>
    <ClInclude Include="presentation\gfx\renderer.h">
      <Filter>Header Files</Filter>
    </ClInclude>
    <ClInclude Include="presentation\gfx\tools.h">
      <Filter>Header Files</Filter>
    </ClInclude>
    <ClInclude Include="presentation\gfx\colours.h">
      <Filter>Header Files</Filter>
    </ClInclude>
    <ClInclude Include="model\util\direction.h">
      <Filter>Header Files</Filter>
    </ClInclude>
    <ClInclude Include="model\util\position.h">
      <Filter>Header Files</Filter>
    </ClInclude>
    <ClInclude Include="model\util\size.h">
      <Filter>Header Files</Filter>
    </ClInclude>
    <ClInclude Include="model\object\square.h">
      <Filter>Header Files</Filter>
    </ClInclude>
    <ClInclude Include="service\state.h">
      <Filter>Header Files</Filter>
    </ClInclude>
    <ClInclude Include="presentation\components\canvas.h">
      <Filter>Header Files</Filter>
    </ClInclude>
    <ClInclude Include="presentation\components\panel.h">
      <Filter>Header Files</Filter>
    </ClInclude>
    <ClInclude Include="presentation\controls\text.h">
      <Filter>Header Files</Filter>
    </ClInclude>
    <ClInclude Include="presentation\controls\progress-bar.h">
      <Filter>Header Files</Filter>
    </ClInclude>
    <ClInclude Include="presentation\controls\button.h">
      <Filter>Header Files</Filter>
    </ClInclude>
    <ClInclude Include="presentation\controls\toggle-button.h">
      <Filter>Header Files</Filter>
    </ClInclude>
    <ClInclude Include="common\macros.h">
      <Filter>Header Files</Filter>
    </ClInclude>
    <ClInclude Include="presentation\components.h">
      <Filter>Header Files</Filter>
    </ClInclude>
  </ItemGroup>
</Project>